{
  "name": "9b0aa118aed517ce",
  "lockfileVersion": 3,
  "requires": true,
  "packages": {
    "": {
      "dependencies": {
        "kill": "^0.0.2"
      }
    },
    "node_modules/kill": {
      "version": "0.0.2",
      "resolved": "https://registry.npmjs.org/kill/-/kill-0.0.2.tgz",
      "integrity": "sha512-EXBc4alxp61d5tmXcT439C24HaNh31+MeWZygNnMwI6tFKLJy4pwqt570Pl6Ai6QoaFVA9bddXgSRPKx2+UzfA==",
      "license": "MIT",
      "bin": {
        "kill": "bin/kill"
      }
    }
  }
}
